// !$*UTF8*$!
{
	archiveVersion = 1;
	classes = {
	};
	objectVersion = 56;
	objects = {

/* Begin PBXBuildFile section */
		FFE280DC29F6F6CD008BAA3A /* waterLifeApp.swift in Sources */ = {isa = PBXBuildFile; fileRef = FFE280DB29F6F6CD008BAA3A /* waterLifeApp.swift */; };
		FFE280DE29F6F6CD008BAA3A /* ContentView.swift in Sources */ = {isa = PBXBuildFile; fileRef = FFE280DD29F6F6CD008BAA3A /* ContentView.swift */; };
		FFE280E029F6F6CE008BAA3A /* Assets.xcassets in Resources */ = {isa = PBXBuildFile; fileRef = FFE280DF29F6F6CE008BAA3A /* Assets.xcassets */; };
		FFE280E329F6F6CE008BAA3A /* Preview Assets.xcassets in Resources */ = {isa = PBXBuildFile; fileRef = FFE280E229F6F6CE008BAA3A /* Preview Assets.xcassets */; };
		FFE280ED29F6F6CE008BAA3A /* waterLifeTests.swift in Sources */ = {isa = PBXBuildFile; fileRef = FFE280EC29F6F6CE008BAA3A /* waterLifeTests.swift */; };
		FFE280F729F6F6CE008BAA3A /* waterLifeUITests.swift in Sources */ = {isa = PBXBuildFile; fileRef = FFE280F629F6F6CE008BAA3A /* waterLifeUITests.swift */; };
		FFE280F929F6F6CE008BAA3A /* waterLifeUITestsLaunchTests.swift in Sources */ = {isa = PBXBuildFile; fileRef = FFE280F829F6F6CE008BAA3A /* waterLifeUITestsLaunchTests.swift */; };
/* End PBXBuildFile section */

/* Begin PBXContainerItemProxy section */
		FFE280E929F6F6CE008BAA3A /* PBXContainerItemProxy */ = {
			isa = PBXContainerItemProxy;
			containerPortal = FFE280D029F6F6CD008BAA3A /* Project object */;
			proxyType = 1;
			remoteGlobalIDString = FFE280D729F6F6CD008BAA3A;
			remoteInfo = waterLife;
		};
		FFE280F329F6F6CE008BAA3A /* PBXContainerItemProxy */ = {
			isa = PBXContainerItemProxy;
			containerPortal = FFE280D029F6F6CD008BAA3A /* Project object */;
			proxyType = 1;
			remoteGlobalIDString = FFE280D729F6F6CD008BAA3A;
			remoteInfo = waterLife;
		};
/* End PBXContainerItemProxy section */

/* Begin PBXFileReference section */
		FFE280D829F6F6CD008BAA3A /* waterLife.app */ = {isa = PBXFileReference; explicitFileType = wrapper.application; includeInIndex = 0; path = waterLife.app; sourceTree = BUILT_PRODUCTS_DIR; };
		FFE280DB29F6F6CD008BAA3A /* waterLifeApp.swift */ = {isa = PBXFileReference; lastKnownFileType = sourcecode.swift; path = waterLifeApp.swift; sourceTree = "<group>"; };
		FFE280DD29F6F6CD008BAA3A /* ContentView.swift */ = {isa = PBXFileReference; lastKnownFileType = sourcecode.swift; path = ContentView.swift; sourceTree = "<group>"; };
		FFE280DF29F6F6CE008BAA3A /* Assets.xcassets */ = {isa = PBXFileReference; lastKnownFileType = folder.assetcatalog; path = Assets.xcassets; sourceTree = "<group>"; };
		FFE280E229F6F6CE008BAA3A /* Preview Assets.xcassets */ = {isa = PBXFileReference; lastKnownFileType = folder.assetcatalog; path = "Preview Assets.xcassets"; sourceTree = "<group>"; };
		FFE280E829F6F6CE008BAA3A /* waterLifeTests.xctest */ = {isa = PBXFileReference; explicitFileType = wrapper.cfbundle; includeInIndex = 0; path = waterLifeTests.xctest; sourceTree = BUILT_PRODUCTS_DIR; };
		FFE280EC29F6F6CE008BAA3A /* waterLifeTests.swift */ = {isa = PBXFileReference; lastKnownFileType = sourcecode.swift; path = waterLifeTests.swift; sourceTree = "<group>"; };
		FFE280F229F6F6CE008BAA3A /* waterLifeUITests.xctest */ = {isa = PBXFileReference; explicitFileType = wrapper.cfbundle; includeInIndex = 0; path = waterLifeUITests.xctest; sourceTree = BUILT_PRODUCTS_DIR; };
		FFE280F629F6F6CE008BAA3A /* waterLifeUITests.swift */ = {isa = PBXFileReference; lastKnownFileType = sourcecode.swift; path = waterLifeUITests.swift; sourceTree = "<group>"; };
		FFE280F829F6F6CE008BAA3A /* waterLifeUITestsLaunchTests.swift */ = {isa = PBXFileReference; lastKnownFileType = sourcecode.swift; path = waterLifeUITestsLaunchTests.swift; sourceTree = "<group>"; };
/* End PBXFileReference section */

/* Begin PBXFrameworksBuildPhase section */
		FFE280D529F6F6CD008BAA3A /* Frameworks */ = {
			isa = PBXFrameworksBuildPhase;
			buildActionMask = 2147483647;
			files = (
			);
			runOnlyForDeploymentPostprocessing = 0;
		};
		FFE280E529F6F6CE008BAA3A /* Frameworks */ = {
			isa = PBXFrameworksBuildPhase;
			buildActionMask = 2147483647;
			files = (
			);
			runOnlyForDeploymentPostprocessing = 0;
		};
		FFE280EF29F6F6CE008BAA3A /* Frameworks */ = {
			isa = PBXFrameworksBuildPhase;
			buildActionMask = 2147483647;
			files = (
			);
			runOnlyForDeploymentPostprocessing = 0;
		};
/* End PBXFrameworksBuildPhase section */

/* Begin PBXGroup section */
		FFE280CF29F6F6CD008BAA3A = {
			isa = PBXGroup;
			children = (
				FFE280DA29F6F6CD008BAA3A /* waterLife */,
				FFE280EB29F6F6CE008BAA3A /* waterLifeTests */,
				FFE280F529F6F6CE008BAA3A /* waterLifeUITests */,
				FFE280D929F6F6CD008BAA3A /* Products */,
			);
			sourceTree = "<group>";
		};
		FFE280D929F6F6CD008BAA3A /* Products */ = {
			isa = PBXGroup;
			children = (
				FFE280D829F6F6CD008BAA3A /* waterLife.app */,
				FFE280E829F6F6CE008BAA3A /* waterLifeTests.xctest */,
				FFE280F229F6F6CE008BAA3A /* waterLifeUITests.xctest */,
			);
			name = Products;
			sourceTree = "<group>";
		};
		FFE280DA29F6F6CD008BAA3A /* waterLife */ = {
			isa = PBXGroup;
			children = (
				FFE280DB29F6F6CD008BAA3A /* waterLifeApp.swift */,
				FFE280DD29F6F6CD008BAA3A /* ContentView.swift */,
				FFE280DF29F6F6CE008BAA3A /* Assets.xcassets */,
				FFE280E129F6F6CE008BAA3A /* Preview Content */,
			);
			path = waterLife;
			sourceTree = "<group>";
		};
		FFE280E129F6F6CE008BAA3A /* Preview Content */ = {
			isa = PBXGroup;
			children = (
				FFE280E229F6F6CE008BAA3A /* Preview Assets.xcassets */,
			);
			path = "Preview Content";
			sourceTree = "<group>";
		};
		FFE280EB29F6F6CE008BAA3A /* waterLifeTests */ = {
			isa = PBXGroup;
			children = (
				FFE280EC29F6F6CE008BAA3A /* waterLifeTests.swift */,
			);
			path = waterLifeTests;
			sourceTree = "<group>";
		};
		FFE280F529F6F6CE008BAA3A /* waterLifeUITests */ = {
			isa = PBXGroup;
			children = (
				FFE280F629F6F6CE008BAA3A /* waterLifeUITests.swift */,
				FFE280F829F6F6CE008BAA3A /* waterLifeUITestsLaunchTests.swift */,
			);
			path = waterLifeUITests;
			sourceTree = "<group>";
		};
/* End PBXGroup section */

/* Begin PBXNativeTarget section */
		FFE280D729F6F6CD008BAA3A /* waterLife */ = {
			isa = PBXNativeTarget;
			buildConfigurationList = FFE280FC29F6F6CE008BAA3A /* Build configuration list for PBXNativeTarget "waterLife" */;
			buildPhases = (
				FFE280D429F6F6CD008BAA3A /* Sources */,
				FFE280D529F6F6CD008BAA3A /* Frameworks */,
				FFE280D629F6F6CD008BAA3A /* Resources */,
			);
			buildRules = (
			);
			dependencies = (
			);
			name = waterLife;
			productName = waterLife;
			productReference = FFE280D829F6F6CD008BAA3A /* waterLife.app */;
			productType = "com.apple.product-type.application";
		};
		FFE280E729F6F6CE008BAA3A /* waterLifeTests */ = {
			isa = PBXNativeTarget;
			buildConfigurationList = FFE280FF29F6F6CE008BAA3A /* Build configuration list for PBXNativeTarget "waterLifeTests" */;
			buildPhases = (
				FFE280E429F6F6CE008BAA3A /* Sources */,
				FFE280E529F6F6CE008BAA3A /* Frameworks */,
				FFE280E629F6F6CE008BAA3A /* Resources */,
			);
			buildRules = (
			);
			dependencies = (
				FFE280EA29F6F6CE008BAA3A /* PBXTargetDependency */,
			);
			name = waterLifeTests;
			productName = waterLifeTests;
			productReference = FFE280E829F6F6CE008BAA3A /* waterLifeTests.xctest */;
			productType = "com.apple.product-type.bundle.unit-test";
		};
		FFE280F129F6F6CE008BAA3A /* waterLifeUITests */ = {
			isa = PBXNativeTarget;
			buildConfigurationList = FFE2810229F6F6CE008BAA3A /* Build configuration list for PBXNativeTarget "waterLifeUITests" */;
			buildPhases = (
				FFE280EE29F6F6CE008BAA3A /* Sources */,
				FFE280EF29F6F6CE008BAA3A /* Frameworks */,
				FFE280F029F6F6CE008BAA3A /* Resources */,
			);
			buildRules = (
			);
			dependencies = (
				FFE280F429F6F6CE008BAA3A /* PBXTargetDependency */,
			);
			name = waterLifeUITests;
			productName = waterLifeUITests;
			productReference = FFE280F229F6F6CE008BAA3A /* waterLifeUITests.xctest */;
			productType = "com.apple.product-type.bundle.ui-testing";
		};
/* End PBXNativeTarget section */

/* Begin PBXProject section */
		FFE280D029F6F6CD008BAA3A /* Project object */ = {
			isa = PBXProject;
			attributes = {
				BuildIndependentTargetsInParallel = 1;
				LastSwiftUpdateCheck = 1420;
				LastUpgradeCheck = 1420;
				TargetAttributes = {
					FFE280D729F6F6CD008BAA3A = {
						CreatedOnToolsVersion = 14.2;
					};
					FFE280E729F6F6CE008BAA3A = {
						CreatedOnToolsVersion = 14.2;
						TestTargetID = FFE280D729F6F6CD008BAA3A;
					};
					FFE280F129F6F6CE008BAA3A = {
						CreatedOnToolsVersion = 14.2;
						TestTargetID = FFE280D729F6F6CD008BAA3A;
					};
				};
			};
			buildConfigurationList = FFE280D329F6F6CD008BAA3A /* Build configuration list for PBXProject "waterLife" */;
			compatibilityVersion = "Xcode 14.0";
			developmentRegion = en;
			hasScannedForEncodings = 0;
			knownRegions = (
				en,
				Base,
			);
			mainGroup = FFE280CF29F6F6CD008BAA3A;
			productRefGroup = FFE280D929F6F6CD008BAA3A /* Products */;
			projectDirPath = "";
			projectRoot = "";
			targets = (
				FFE280D729F6F6CD008BAA3A /* waterLife */,
				FFE280E729F6F6CE008BAA3A /* waterLifeTests */,
				FFE280F129F6F6CE008BAA3A /* waterLifeUITests */,
			);
		};
/* End PBXProject section */

/* Begin PBXResourcesBuildPhase section */
		FFE280D629F6F6CD008BAA3A /* Resources */ = {
			isa = PBXResourcesBuildPhase;
			buildActionMask = 2147483647;
			files = (
				FFE280E329F6F6CE008BAA3A /* Preview Assets.xcassets in Resources */,
				FFE280E029F6F6CE008BAA3A /* Assets.xcassets in Resources */,
			);
			runOnlyForDeploymentPostprocessing = 0;
		};
		FFE280E629F6F6CE008BAA3A /* Resources */ = {
			isa = PBXResourcesBuildPhase;
			buildActionMask = 2147483647;
			files = (
			);
			runOnlyForDeploymentPostprocessing = 0;
		};
		FFE280F029F6F6CE008BAA3A /* Resources */ = {
			isa = PBXResourcesBuildPhase;
			buildActionMask = 2147483647;
			files = (
			);
			runOnlyForDeploymentPostprocessing = 0;
		};
/* End PBXResourcesBuildPhase section */

/* Begin PBXSourcesBuildPhase section */
		FFE280D429F6F6CD008BAA3A /* Sources */ = {
			isa = PBXSourcesBuildPhase;
			buildActionMask = 2147483647;
			files = (
				FFE280DE29F6F6CD008BAA3A /* ContentView.swift in Sources */,
				FFE280DC29F6F6CD008BAA3A /* waterLifeApp.swift in Sources */,
			);
			runOnlyForDeploymentPostprocessing = 0;
		};
		FFE280E429F6F6CE008BAA3A /* Sources */ = {
			isa = PBXSourcesBuildPhase;
			buildActionMask = 2147483647;
			files = (
				FFE280ED29F6F6CE008BAA3A /* waterLifeTests.swift in Sources */,
			);
			runOnlyForDeploymentPostprocessing = 0;
		};
		FFE280EE29F6F6CE008BAA3A /* Sources */ = {
			isa = PBXSourcesBuildPhase;
			buildActionMask = 2147483647;
			files = (
				FFE280F929F6F6CE008BAA3A /* waterLifeUITestsLaunchTests.swift in Sources */,
				FFE280F729F6F6CE008BAA3A /* waterLifeUITests.swift in Sources */,
			);
			runOnlyForDeploymentPostprocessing = 0;
		};
/* End PBXSourcesBuildPhase section */

/* Begin PBXTargetDependency section */
		FFE280EA29F6F6CE008BAA3A /* PBXTargetDependency */ = {
			isa = PBXTargetDependency;
			target = FFE280D729F6F6CD008BAA3A /* waterLife */;
			targetProxy = FFE280E929F6F6CE008BAA3A /* PBXContainerItemProxy */;
		};
		FFE280F429F6F6CE008BAA3A /* PBXTargetDependency */ = {
			isa = PBXTargetDependency;
			target = FFE280D729F6F6CD008BAA3A /* waterLife */;
			targetProxy = FFE280F329F6F6CE008BAA3A /* PBXContainerItemProxy */;
		};
/* End PBXTargetDependency section */

/* Begin XCBuildConfiguration section */
		FFE280FA29F6F6CE008BAA3A /* Debug */ = {
			isa = XCBuildConfiguration;
			buildSettings = {
				ALWAYS_SEARCH_USER_PATHS = NO;
				CLANG_ANALYZER_NONNULL = YES;
				CLANG_ANALYZER_NUMBER_OBJECT_CONVERSION = YES_AGGRESSIVE;
				CLANG_CXX_LANGUAGE_STANDARD = "gnu++20";
				CLANG_ENABLE_MODULES = YES;
				CLANG_ENABLE_OBJC_ARC = YES;
				CLANG_ENABLE_OBJC_WEAK = YES;
				CLANG_WARN_BLOCK_CAPTURE_AUTORELEASING = YES;
				CLANG_WARN_BOOL_CONVERSION = YES;
				CLANG_WARN_COMMA = YES;
				CLANG_WARN_CONSTANT_CONVERSION = YES;
				CLANG_WARN_DEPRECATED_OBJC_IMPLEMENTATIONS = YES;
				CLANG_WARN_DIRECT_OBJC_ISA_USAGE = YES_ERROR;
				CLANG_WARN_DOCUMENTATION_COMMENTS = YES;
				CLANG_WARN_EMPTY_BODY = YES;
				CLANG_WARN_ENUM_CONVERSION = YES;
				CLANG_WARN_INFINITE_RECURSION = YES;
				CLANG_WARN_INT_CONVERSION = YES;
				CLANG_WARN_NON_LITERAL_NULL_CONVERSION = YES;
				CLANG_WARN_OBJC_IMPLICIT_RETAIN_SELF = YES;
				CLANG_WARN_OBJC_LITERAL_CONVERSION = YES;
				CLANG_WARN_OBJC_ROOT_CLASS = YES_ERROR;
				CLANG_WARN_QUOTED_INCLUDE_IN_FRAMEWORK_HEADER = YES;
				CLANG_WARN_RANGE_LOOP_ANALYSIS = YES;
				CLANG_WARN_STRICT_PROTOTYPES = YES;
				CLANG_WARN_SUSPICIOUS_MOVE = YES;
				CLANG_WARN_UNGUARDED_AVAILABILITY = YES_AGGRESSIVE;
				CLANG_WARN_UNREACHABLE_CODE = YES;
				CLANG_WARN__DUPLICATE_METHOD_MATCH = YES;
				COPY_PHASE_STRIP = NO;
				DEBUG_INFORMATION_FORMAT = dwarf;
				ENABLE_STRICT_OBJC_MSGSEND = YES;
				ENABLE_TESTABILITY = YES;
				GCC_C_LANGUAGE_STANDARD = gnu11;
				GCC_DYNAMIC_NO_PIC = NO;
				GCC_NO_COMMON_BLOCKS = YES;
				GCC_OPTIMIZATION_LEVEL = 0;
				GCC_PREPROCESSOR_DEFINITIONS = (
					"DEBUG=1",
					"$(inherited)",
				);
				GCC_WARN_64_TO_32_BIT_CONVERSION = YES;
				GCC_WARN_ABOUT_RETURN_TYPE = YES_ERROR;
				GCC_WARN_UNDECLARED_SELECTOR = YES;
				GCC_WARN_UNINITIALIZED_AUTOS = YES_AGGRESSIVE;
				GCC_WARN_UNUSED_FUNCTION = YES;
				GCC_WARN_UNUSED_VARIABLE = YES;
				IPHONEOS_DEPLOYMENT_TARGET = 16.2;
				MTL_ENABLE_DEBUG_INFO = INCLUDE_SOURCE;
				MTL_FAST_MATH = YES;
				ONLY_ACTIVE_ARCH = YES;
				SDKROOT = iphoneos;
				SWIFT_ACTIVE_COMPILATION_CONDITIONS = DEBUG;
				SWIFT_OPTIMIZATION_LEVEL = "-Onone";
			};
			name = Debug;
		};
		FFE280FB29F6F6CE008BAA3A /* Release */ = {
			isa = XCBuildConfiguration;
			buildSettings = {
				ALWAYS_SEARCH_USER_PATHS = NO;
				CLANG_ANALYZER_NONNULL = YES;
				CLANG_ANALYZER_NUMBER_OBJECT_CONVERSION = YES_AGGRESSIVE;
				CLANG_CXX_LANGUAGE_STANDARD = "gnu++20";
				CLANG_ENABLE_MODULES = YES;
				CLANG_ENABLE_OBJC_ARC = YES;
				CLANG_ENABLE_OBJC_WEAK = YES;
				CLANG_WARN_BLOCK_CAPTURE_AUTORELEASING = YES;
				CLANG_WARN_BOOL_CONVERSION = YES;
				CLANG_WARN_COMMA = YES;
				CLANG_WARN_CONSTANT_CONVERSION = YES;
				CLANG_WARN_DEPRECATED_OBJC_IMPLEMENTATIONS = YES;
				CLANG_WARN_DIRECT_OBJC_ISA_USAGE = YES_ERROR;
				CLANG_WARN_DOCUMENTATION_COMMENTS = YES;
				CLANG_WARN_EMPTY_BODY = YES;
				CLANG_WARN_ENUM_CONVERSION = YES;
				CLANG_WARN_INFINITE_RECURSION = YES;
				CLANG_WARN_INT_CONVERSION = YES;
				CLANG_WARN_NON_LITERAL_NULL_CONVERSION = YES;
				CLANG_WARN_OBJC_IMPLICIT_RETAIN_SELF = YES;
				CLANG_WARN_OBJC_LITERAL_CONVERSION = YES;
				CLANG_WARN_OBJC_ROOT_CLASS = YES_ERROR;
				CLANG_WARN_QUOTED_INCLUDE_IN_FRAMEWORK_HEADER = YES;
				CLANG_WARN_RANGE_LOOP_ANALYSIS = YES;
				CLANG_WARN_STRICT_PROTOTYPES = YES;
				CLANG_WARN_SUSPICIOUS_MOVE = YES;
				CLANG_WARN_UNGUARDED_AVAILABILITY = YES_AGGRESSIVE;
				CLANG_WARN_UNREACHABLE_CODE = YES;
				CLANG_WARN__DUPLICATE_METHOD_MATCH = YES;
				COPY_PHASE_STRIP = NO;
				DEBUG_INFORMATION_FORMAT = "dwarf-with-dsym";
				ENABLE_NS_ASSERTIONS = NO;
				ENABLE_STRICT_OBJC_MSGSEND = YES;
				GCC_C_LANGUAGE_STANDARD = gnu11;
				GCC_NO_COMMON_BLOCKS = YES;
				GCC_WARN_64_TO_32_BIT_CONVERSION = YES;
				GCC_WARN_ABOUT_RETURN_TYPE = YES_ERROR;
				GCC_WARN_UNDECLARED_SELECTOR = YES;
				GCC_WARN_UNINITIALIZED_AUTOS = YES_AGGRESSIVE;
				GCC_WARN_UNUSED_FUNCTION = YES;
				GCC_WARN_UNUSED_VARIABLE = YES;
				IPHONEOS_DEPLOYMENT_TARGET = 16.2;
				MTL_ENABLE_DEBUG_INFO = NO;
				MTL_FAST_MATH = YES;
				SDKROOT = iphoneos;
				SWIFT_COMPILATION_MODE = wholemodule;
				SWIFT_OPTIMIZATION_LEVEL = "-O";
				VALIDATE_PRODUCT = YES;
			};
			name = Release;
		};
		FFE280FD29F6F6CE008BAA3A /* Debug */ = {
			isa = XCBuildConfiguration;
			buildSettings = {
				ASSETCATALOG_COMPILER_APPICON_NAME = AppIcon;
				ASSETCATALOG_COMPILER_GLOBAL_ACCENT_COLOR_NAME = AccentColor;
				CODE_SIGN_STYLE = Automatic;
				CURRENT_PROJECT_VERSION = 1;
				DEVELOPMENT_ASSET_PATHS = "\"waterLife/Preview Content\"";
				ENABLE_PREVIEWS = YES;
				GENERATE_INFOPLIST_FILE = YES;
				INFOPLIST_KEY_UIApplicationSceneManifest_Generation = YES;
				INFOPLIST_KEY_UIApplicationSupportsIndirectInputEvents = YES;
				INFOPLIST_KEY_UILaunchScreen_Generation = YES;
				INFOPLIST_KEY_UISupportedInterfaceOrientations_iPad = "UIInterfaceOrientationPortrait UIInterfaceOrientationPortraitUpsideDown UIInterfaceOrientationLandscapeLeft UIInterfaceOrientationLandscapeRight";
				INFOPLIST_KEY_UISupportedInterfaceOrientations_iPhone = "UIInterfaceOrientationPortrait UIInterfaceOrientationLandscapeLeft UIInterfaceOrientationLandscapeRight";
				LD_RUNPATH_SEARCH_PATHS = (
					"$(inherited)",
					"@executable_path/Frameworks",
				);
				MARKETING_VERSION = 1.0;
				PRODUCT_BUNDLE_IDENTIFIER = MAC.waterLife;
				PRODUCT_NAME = "$(TARGET_NAME)";
				SWIFT_EMIT_LOC_STRINGS = YES;
				SWIFT_VERSION = 5.0;
				TARGETED_DEVICE_FAMILY = "1,2";
			};
			name = Debug;
		};
		FFE280FE29F6F6CE008BAA3A /* Release */ = {
			isa = XCBuildConfiguration;
			buildSettings = {
				ASSETCATALOG_COMPILER_APPICON_NAME = AppIcon;
				ASSETCATALOG_COMPILER_GLOBAL_ACCENT_COLOR_NAME = AccentColor;
				CODE_SIGN_STYLE = Automatic;
				CURRENT_PROJECT_VERSION = 1;
				DEVELOPMENT_ASSET_PATHS = "\"waterLife/Preview Content\"";
				ENABLE_PREVIEWS = YES;
				GENERATE_INFOPLIST_FILE = YES;
				INFOPLIST_KEY_UIApplicationSceneManifest_Generation = YES;
				INFOPLIST_KEY_UIApplicationSupportsIndirectInputEvents = YES;
				INFOPLIST_KEY_UILaunchScreen_Generation = YES;
				INFOPLIST_KEY_UISupportedInterfaceOrientations_iPad = "UIInterfaceOrientationPortrait UIInterfaceOrientationPortraitUpsideDown UIInterfaceOrientationLandscapeLeft UIInterfaceOrientationLandscapeRight";
				INFOPLIST_KEY_UISupportedInterfaceOrientations_iPhone = "UIInterfaceOrientationPortrait UIInterfaceOrientationLandscapeLeft UIInterfaceOrientationLandscapeRight";
				LD_RUNPATH_SEARCH_PATHS = (
					"$(inherited)",
					"@executable_path/Frameworks",
				);
				MARKETING_VERSION = 1.0;
				PRODUCT_BUNDLE_IDENTIFIER = MAC.waterLife;
				PRODUCT_NAME = "$(TARGET_NAME)";
				SWIFT_EMIT_LOC_STRINGS = YES;
				SWIFT_VERSION = 5.0;
				TARGETED_DEVICE_FAMILY = "1,2";
			};
			name = Release;
		};
		FFE2810029F6F6CE008BAA3A /* Debug */ = {
			isa = XCBuildConfiguration;
			buildSettings = {
				ALWAYS_EMBED_SWIFT_STANDARD_LIBRARIES = YES;
				BUNDLE_LOADER = "$(TEST_HOST)";
				CODE_SIGN_STYLE = Automatic;
				CURRENT_PROJECT_VERSION = 1;
				GENERATE_INFOPLIST_FILE = YES;
				IPHONEOS_DEPLOYMENT_TARGET = 16.2;
				MARKETING_VERSION = 1.0;
				PRODUCT_BUNDLE_IDENTIFIER = MAC.waterLifeTests;
				PRODUCT_NAME = "$(TARGET_NAME)";
				SWIFT_EMIT_LOC_STRINGS = NO;
				SWIFT_VERSION = 5.0;
				TARGETED_DEVICE_FAMILY = "1,2";
				TEST_HOST = "$(BUILT_PRODUCTS_DIR)/waterLife.app/$(BUNDLE_EXECUTABLE_FOLDER_PATH)/waterLife";
			};
			name = Debug;
		};
		FFE2810129F6F6CE008BAA3A /* Release */ = {
			isa = XCBuildConfiguration;
			buildSettings = {
				ALWAYS_EMBED_SWIFT_STANDARD_LIBRARIES = YES;
				BUNDLE_LOADER = "$(TEST_HOST)";
				CODE_SIGN_STYLE = Automatic;
				CURRENT_PROJECT_VERSION = 1;
				GENERATE_INFOPLIST_FILE = YES;
				IPHONEOS_DEPLOYMENT_TARGET = 16.2;
				MARKETING_VERSION = 1.0;
				PRODUCT_BUNDLE_IDENTIFIER = MAC.waterLifeTests;
				PRODUCT_NAME = "$(TARGET_NAME)";
				SWIFT_EMIT_LOC_STRINGS = NO;
				SWIFT_VERSION = 5.0;
				TARGETED_DEVICE_FAMILY = "1,2";
				TEST_HOST = "$(BUILT_PRODUCTS_DIR)/waterLife.app/$(BUNDLE_EXECUTABLE_FOLDER_PATH)/waterLife";
			};
			name = Release;
		};
		FFE2810329F6F6CE008BAA3A /* Debug */ = {
			isa = XCBuildConfiguration;
			buildSettings = {
				ALWAYS_EMBED_SWIFT_STANDARD_LIBRARIES = YES;
				CODE_SIGN_STYLE = Automatic;
				CURRENT_PROJECT_VERSION = 1;
				GENERATE_INFOPLIST_FILE = YES;
				MARKETING_VERSION = 1.0;
				PRODUCT_BUNDLE_IDENTIFIER = MAC.waterLifeUITests;
				PRODUCT_NAME = "$(TARGET_NAME)";
				SWIFT_EMIT_LOC_STRINGS = NO;
				SWIFT_VERSION = 5.0;
				TARGETED_DEVICE_FAMILY = "1,2";
				TEST_TARGET_NAME = waterLife;
			};
			name = Debug;
		};
		FFE2810429F6F6CE008BAA3A /* Release */ = {
			isa = XCBuildConfiguration;
			buildSettings = {
				ALWAYS_EMBED_SWIFT_STANDARD_LIBRARIES = YES;
				CODE_SIGN_STYLE = Automatic;
				CURRENT_PROJECT_VERSION = 1;
				GENERATE_INFOPLIST_FILE = YES;
				MARKETING_VERSION = 1.0;
				PRODUCT_BUNDLE_IDENTIFIER = MAC.waterLifeUITests;
				PRODUCT_NAME = "$(TARGET_NAME)";
				SWIFT_EMIT_LOC_STRINGS = NO;
				SWIFT_VERSION = 5.0;
				TARGETED_DEVICE_FAMILY = "1,2";
				TEST_TARGET_NAME = waterLife;
			};
			name = Release;
		};
/* End XCBuildConfiguration section */

/* Begin XCConfigurationList section */
		FFE280D329F6F6CD008BAA3A /* Build configuration list for PBXProject "waterLife" */ = {
			isa = XCConfigurationList;
			buildConfigurations = (
				FFE280FA29F6F6CE008BAA3A /* Debug */,
				FFE280FB29F6F6CE008BAA3A /* Release */,
			);
			defaultConfigurationIsVisible = 0;
			defaultConfigurationName = Release;
		};
		FFE280FC29F6F6CE008BAA3A /* Build configuration list for PBXNativeTarget "waterLife" */ = {
			isa = XCConfigurationList;
			buildConfigurations = (
				FFE280FD29F6F6CE008BAA3A /* Debug */,
				FFE280FE29F6F6CE008BAA3A /* Release */,
			);
			defaultConfigurationIsVisible = 0;
			defaultConfigurationName = Release;
		};
		FFE280FF29F6F6CE008BAA3A /* Build configuration list for PBXNativeTarget "waterLifeTests" */ = {
			isa = XCConfigurationList;
			buildConfigurations = (
				FFE2810029F6F6CE008BAA3A /* Debug */,
				FFE2810129F6F6CE008BAA3A /* Release */,
			);
			defaultConfigurationIsVisible = 0;
			defaultConfigurationName = Release;
		};
		FFE2810229F6F6CE008BAA3A /* Build configuration list for PBXNativeTarget "waterLifeUITests" */ = {
			isa = XCConfigurationList;
			buildConfigurations = (
				FFE2810329F6F6CE008BAA3A /* Debug */,
				FFE2810429F6F6CE008BAA3A /* Release */,
			);
			defaultConfigurationIsVisible = 0;
			defaultConfigurationName = Release;
		};
/* End XCConfigurationList section */
	};
	rootObject = FFE280D029F6F6CD008BAA3A /* Project object */;
}
